// !$*UTF8*$!
{
	archiveVersion = 1;
	classes = {
	};
	objectVersion = 46;
	objects = {

/* Begin PBXBuildFile section */
		0E91CB2F9EB5B927D3E4C01B /* Pods_PaginationManager_Example.framework in Frameworks */ = {isa = PBXBuildFile; fileRef = 175ABA7124E0BFB4183B68D6 /* Pods_PaginationManager_Example.framework */; };
		607FACD61AFB9204008FA782 /* AppDelegate.swift in Sources */ = {isa = PBXBuildFile; fileRef = 607FACD51AFB9204008FA782 /* AppDelegate.swift */; };
		607FACD81AFB9204008FA782 /* ViewController.swift in Sources */ = {isa = PBXBuildFile; fileRef = 607FACD71AFB9204008FA782 /* ViewController.swift */; };
		607FACDB1AFB9204008FA782 /* Main.storyboard in Resources */ = {isa = PBXBuildFile; fileRef = 607FACD91AFB9204008FA782 /* Main.storyboard */; };
		607FACDD1AFB9204008FA782 /* Images.xcassets in Resources */ = {isa = PBXBuildFile; fileRef = 607FACDC1AFB9204008FA782 /* Images.xcassets */; };
		607FACE01AFB9204008FA782 /* LaunchScreen.xib in Resources */ = {isa = PBXBuildFile; fileRef = 607FACDE1AFB9204008FA782 /* LaunchScreen.xib */; };
/* End PBXBuildFile section */

/* Begin PBXFileReference section */
		175ABA7124E0BFB4183B68D6 /* Pods_PaginationManager_Example.framework */ = {isa = PBXFileReference; explicitFileType = wrapper.framework; includeInIndex = 0; path = Pods_PaginationManager_Example.framework; sourceTree = BUILT_PRODUCTS_DIR; };
		27BA51ECB465239FE022B009 /* README.md */ = {isa = PBXFileReference; includeInIndex = 1; lastKnownFileType = net.daringfireball.markdown; name = README.md; path = ../README.md; sourceTree = "<group>"; };
		497AC0B2BBC092861626A49B /* Pods-PaginationManager_Tests.release.xcconfig */ = {isa = PBXFileReference; includeInIndex = 1; lastKnownFileType = text.xcconfig; name = "Pods-PaginationManager_Tests.release.xcconfig"; path = "Pods/Target Support Files/Pods-PaginationManager_Tests/Pods-PaginationManager_Tests.release.xcconfig"; sourceTree = "<group>"; };
		577F33C1FBA6D20381DD9356 /* Pods-PaginationManager_Example.debug.xcconfig */ = {isa = PBXFileReference; includeInIndex = 1; lastKnownFileType = text.xcconfig; name = "Pods-PaginationManager_Example.debug.xcconfig"; path = "Pods/Target Support Files/Pods-PaginationManager_Example/Pods-PaginationManager_Example.debug.xcconfig"; sourceTree = "<group>"; };
		607FACD01AFB9204008FA782 /* PaginationManager_Example.app */ = {isa = PBXFileReference; explicitFileType = wrapper.application; includeInIndex = 0; path = PaginationManager_Example.app; sourceTree = BUILT_PRODUCTS_DIR; };
		607FACD41AFB9204008FA782 /* Info.plist */ = {isa = PBXFileReference; lastKnownFileType = text.plist.xml; path = Info.plist; sourceTree = "<group>"; };
		607FACD51AFB9204008FA782 /* AppDelegate.swift */ = {isa = PBXFileReference; lastKnownFileType = sourcecode.swift; path = AppDelegate.swift; sourceTree = "<group>"; };
		607FACD71AFB9204008FA782 /* ViewController.swift */ = {isa = PBXFileReference; lastKnownFileType = sourcecode.swift; path = ViewController.swift; sourceTree = "<group>"; };
		607FACDA1AFB9204008FA782 /* Base */ = {isa = PBXFileReference; lastKnownFileType = file.storyboard; name = Base; path = Base.lproj/Main.storyboard; sourceTree = "<group>"; };
		607FACDC1AFB9204008FA782 /* Images.xcassets */ = {isa = PBXFileReference; lastKnownFileType = folder.assetcatalog; path = Images.xcassets; sourceTree = "<group>"; };
		607FACDF1AFB9204008FA782 /* Base */ = {isa = PBXFileReference; lastKnownFileType = file.xib; name = Base; path = Base.lproj/LaunchScreen.xib; sourceTree = "<group>"; };
		8C3AC904CAD9D6E29DE4268C /* Pods-PaginationManager_Tests.debug.xcconfig */ = {isa = PBXFileReference; includeInIndex = 1; lastKnownFileType = text.xcconfig; name = "Pods-PaginationManager_Tests.debug.xcconfig"; path = "Pods/Target Support Files/Pods-PaginationManager_Tests/Pods-PaginationManager_Tests.debug.xcconfig"; sourceTree = "<group>"; };
		9D3373201839403898C7E50F /* LICENSE */ = {isa = PBXFileReference; includeInIndex = 1; lastKnownFileType = text; name = LICENSE; path = ../LICENSE; sourceTree = "<group>"; };
		B5192B071DA0BF3A00CD4BB7 /* PaginationManager.framework */ = {isa = PBXFileReference; lastKnownFileType = wrapper.framework; name = PaginationManager.framework; path = "../../../Library/Developer/Xcode/DerivedData/PaginationManager-ekvgrqxbwcxsrzaedombsvypehlh/Build/Products/Debug-iphonesimulator/PaginationManager/PaginationManager.framework"; sourceTree = "<group>"; };
		C2D28BAC910CF728C54B264D /* PaginationManager.podspec */ = {isa = PBXFileReference; includeInIndex = 1; lastKnownFileType = text; name = PaginationManager.podspec; path = ../PaginationManager.podspec; sourceTree = "<group>"; };
		CE49C2C9F9B92760474E4F7D /* Pods-PaginationManager_Example.release.xcconfig */ = {isa = PBXFileReference; includeInIndex = 1; lastKnownFileType = text.xcconfig; name = "Pods-PaginationManager_Example.release.xcconfig"; path = "Pods/Target Support Files/Pods-PaginationManager_Example/Pods-PaginationManager_Example.release.xcconfig"; sourceTree = "<group>"; };
		D21EDB77FDED60441DE5DB45 /* Pods_PaginationManager_Tests.framework */ = {isa = PBXFileReference; explicitFileType = wrapper.framework; includeInIndex = 0; path = Pods_PaginationManager_Tests.framework; sourceTree = BUILT_PRODUCTS_DIR; };
/* End PBXFileReference section */

/* Begin PBXFrameworksBuildPhase section */
		607FACCD1AFB9204008FA782 /* Frameworks */ = {
			isa = PBXFrameworksBuildPhase;
			buildActionMask = 2147483647;
			files = (
				0E91CB2F9EB5B927D3E4C01B /* Pods_PaginationManager_Example.framework in Frameworks */,
			);
			runOnlyForDeploymentPostprocessing = 0;
		};
/* End PBXFrameworksBuildPhase section */

/* Begin PBXGroup section */
		607FACC71AFB9204008FA782 = {
			isa = PBXGroup;
			children = (
				607FACF51AFB993E008FA782 /* Podspec Metadata */,
				607FACD21AFB9204008FA782 /* Example for PaginationManager */,
				607FACD11AFB9204008FA782 /* Products */,
				68174A0B7C892AE4C78D1002 /* Pods */,
				915E571386D51F2F26CD5046 /* Frameworks */,
			);
			sourceTree = "<group>";
		};
		607FACD11AFB9204008FA782 /* Products */ = {
			isa = PBXGroup;
			children = (
				607FACD01AFB9204008FA782 /* PaginationManager_Example.app */,
			);
			name = Products;
			sourceTree = "<group>";
		};
		607FACD21AFB9204008FA782 /* Example for PaginationManager */ = {
			isa = PBXGroup;
			children = (
				607FACD51AFB9204008FA782 /* AppDelegate.swift */,
				607FACD71AFB9204008FA782 /* ViewController.swift */,
				607FACD91AFB9204008FA782 /* Main.storyboard */,
				607FACDC1AFB9204008FA782 /* Images.xcassets */,
				607FACDE1AFB9204008FA782 /* LaunchScreen.xib */,
				607FACD31AFB9204008FA782 /* Supporting Files */,
			);
			name = "Example for PaginationManager";
			path = PaginationManager;
			sourceTree = "<group>";
		};
		607FACD31AFB9204008FA782 /* Supporting Files */ = {
			isa = PBXGroup;
			children = (
				607FACD41AFB9204008FA782 /* Info.plist */,
			);
			name = "Supporting Files";
			sourceTree = "<group>";
		};
		607FACF51AFB993E008FA782 /* Podspec Metadata */ = {
			isa = PBXGroup;
			children = (
				C2D28BAC910CF728C54B264D /* PaginationManager.podspec */,
				27BA51ECB465239FE022B009 /* README.md */,
				9D3373201839403898C7E50F /* LICENSE */,
			);
			name = "Podspec Metadata";
			sourceTree = "<group>";
		};
		68174A0B7C892AE4C78D1002 /* Pods */ = {
			isa = PBXGroup;
			children = (
				577F33C1FBA6D20381DD9356 /* Pods-PaginationManager_Example.debug.xcconfig */,
				CE49C2C9F9B92760474E4F7D /* Pods-PaginationManager_Example.release.xcconfig */,
				8C3AC904CAD9D6E29DE4268C /* Pods-PaginationManager_Tests.debug.xcconfig */,
				497AC0B2BBC092861626A49B /* Pods-PaginationManager_Tests.release.xcconfig */,
			);
			name = Pods;
			sourceTree = "<group>";
		};
		915E571386D51F2F26CD5046 /* Frameworks */ = {
			isa = PBXGroup;
			children = (
				B5192B071DA0BF3A00CD4BB7 /* PaginationManager.framework */,
				175ABA7124E0BFB4183B68D6 /* Pods_PaginationManager_Example.framework */,
				D21EDB77FDED60441DE5DB45 /* Pods_PaginationManager_Tests.framework */,
			);
			name = Frameworks;
			sourceTree = "<group>";
		};
/* End PBXGroup section */

/* Begin PBXNativeTarget section */
		607FACCF1AFB9204008FA782 /* PaginationManager_Example */ = {
			isa = PBXNativeTarget;
			buildConfigurationList = 607FACEF1AFB9204008FA782 /* Build configuration list for PBXNativeTarget "PaginationManager_Example" */;
			buildPhases = (
				90FA2E55FDD5BC3908EF4001 /* [CP] Check Pods Manifest.lock */,
				607FACCC1AFB9204008FA782 /* Sources */,
				607FACCD1AFB9204008FA782 /* Frameworks */,
				607FACCE1AFB9204008FA782 /* Resources */,
				FDCAD74394F4987588B42701 /* [CP] Embed Pods Frameworks */,
				ADAED642AB35ADC7F550E121 /* [CP] Copy Pods Resources */,
			);
			buildRules = (
			);
			dependencies = (
			);
			name = PaginationManager_Example;
			productName = PaginationManager;
			productReference = 607FACD01AFB9204008FA782 /* PaginationManager_Example.app */;
			productType = "com.apple.product-type.application";
		};
/* End PBXNativeTarget section */

/* Begin PBXProject section */
		607FACC81AFB9204008FA782 /* Project object */ = {
			isa = PBXProject;
			attributes = {
				LastSwiftUpdateCheck = 0720;
				LastUpgradeCheck = 0800;
				ORGANIZATIONNAME = CocoaPods;
				TargetAttributes = {
					607FACCF1AFB9204008FA782 = {
						CreatedOnToolsVersion = 6.3.1;
						DevelopmentTeam = 286NEJQH3X;
						LastSwiftMigration = 0800;
					};
				};
			};
			buildConfigurationList = 607FACCB1AFB9204008FA782 /* Build configuration list for PBXProject "PaginationManager" */;
			compatibilityVersion = "Xcode 3.2";
			developmentRegion = English;
			hasScannedForEncodings = 0;
			knownRegions = (
				en,
				Base,
			);
			mainGroup = 607FACC71AFB9204008FA782;
			productRefGroup = 607FACD11AFB9204008FA782 /* Products */;
			projectDirPath = "";
			projectRoot = "";
			targets = (
				607FACCF1AFB9204008FA782 /* PaginationManager_Example */,
			);
		};
/* End PBXProject section */

/* Begin PBXResourcesBuildPhase section */
		607FACCE1AFB9204008FA782 /* Resources */ = {
			isa = PBXResourcesBuildPhase;
			buildActionMask = 2147483647;
			files = (
				607FACDB1AFB9204008FA782 /* Main.storyboard in Resources */,
				607FACE01AFB9204008FA782 /* LaunchScreen.xib in Resources */,
				607FACDD1AFB9204008FA782 /* Images.xcassets in Resources */,
			);
			runOnlyForDeploymentPostprocessing = 0;
		};
/* End PBXResourcesBuildPhase section */

/* Begin PBXShellScriptBuildPhase section */
		90FA2E55FDD5BC3908EF4001 /* [CP] Check Pods Manifest.lock */ = {
			isa = PBXShellScriptBuildPhase;
			buildActionMask = 2147483647;
			files = (
			);
			inputPaths = (
			);
			name = "[CP] Check Pods Manifest.lock";
			outputPaths = (
			);
			runOnlyForDeploymentPostprocessing = 0;
			shellPath = /bin/sh;
			shellScript = "diff \"${PODS_ROOT}/../Podfile.lock\" \"${PODS_ROOT}/Manifest.lock\" > /dev/null\nif [ $? != 0 ] ; then\n    # print error to STDERR\n    echo \"error: The sandbox is not in sync with the Podfile.lock. Run 'pod install' or update your CocoaPods installation.\" >&2\n    exit 1\nfi\n";
			showEnvVarsInLog = 0;
		};
		ADAED642AB35ADC7F550E121 /* [CP] Copy Pods Resources */ = {
			isa = PBXShellScriptBuildPhase;
			buildActionMask = 2147483647;
			files = (
			);
			inputPaths = (
			);
			name = "[CP] Copy Pods Resources";
			outputPaths = (
			);
			runOnlyForDeploymentPostprocessing = 0;
			shellPath = /bin/sh;
			shellScript = "\"${SRCROOT}/Pods/Target Support Files/Pods-PaginationManager_Example/Pods-PaginationManager_Example-resources.sh\"\n";
			showEnvVarsInLog = 0;
		};
		FDCAD74394F4987588B42701 /* [CP] Embed Pods Frameworks */ = {
			isa = PBXShellScriptBuildPhase;
			buildActionMask = 2147483647;
			files = (
			);
			inputPaths = (
			);
			name = "[CP] Embed Pods Frameworks";
			outputPaths = (
			);
			runOnlyForDeploymentPostprocessing = 0;
			shellPath = /bin/sh;
			shellScript = "\"${SRCROOT}/Pods/Target Support Files/Pods-PaginationManager_Example/Pods-PaginationManager_Example-frameworks.sh\"\n";
			showEnvVarsInLog = 0;
		};
/* End PBXShellScriptBuildPhase section */

/* Begin PBXSourcesBuildPhase section */
		607FACCC1AFB9204008FA782 /* Sources */ = {
			isa = PBXSourcesBuildPhase;
			buildActionMask = 2147483647;
			files = (
				607FACD81AFB9204008FA782 /* ViewController.swift in Sources */,
				607FACD61AFB9204008FA782 /* AppDelegate.swift in Sources */,
			);
			runOnlyForDeploymentPostprocessing = 0;
		};
/* End PBXSourcesBuildPhase section */

/* Begin PBXVariantGroup section */
		607FACD91AFB9204008FA782 /* Main.storyboard */ = {
			isa = PBXVariantGroup;
			children = (
				607FACDA1AFB9204008FA782 /* Base */,
			);
			name = Main.storyboard;
			sourceTree = "<group>";
		};
		607FACDE1AFB9204008FA782 /* LaunchScreen.xib */ = {
			isa = PBXVariantGroup;
			children = (
				607FACDF1AFB9204008FA782 /* Base */,
			);
			name = LaunchScreen.xib;
			sourceTree = "<group>";
		};
/* End PBXVariantGroup section */

/* Begin XCBuildConfiguration section */
		607FACED1AFB9204008FA782 /* Debug */ = {
			isa = XCBuildConfiguration;
			buildSettings = {
				ALWAYS_SEARCH_USER_PATHS = NO;
				CLANG_CXX_LANGUAGE_STANDARD = "gnu++0x";
				CLANG_CXX_LIBRARY = "libc++";
				CLANG_ENABLE_MODULES = YES;
				CLANG_ENABLE_OBJC_ARC = YES;
				CLANG_WARN_BOOL_CONVERSION = YES;
				CLANG_WARN_CONSTANT_CONVERSION = YES;
				CLANG_WARN_DIRECT_OBJC_ISA_USAGE = YES_ERROR;
				CLANG_WARN_EMPTY_BODY = YES;
				CLANG_WARN_ENUM_CONVERSION = YES;
				CLANG_WARN_INFINITE_RECURSION = YES;
				CLANG_WARN_INT_CONVERSION = YES;
				CLANG_WARN_OBJC_ROOT_CLASS = YES_ERROR;
				CLANG_WARN_SUSPICIOUS_MOVE = YES;
				CLANG_WARN_UNREACHABLE_CODE = YES;
				CLANG_WARN__DUPLICATE_METHOD_MATCH = YES;
				"CODE_SIGN_IDENTITY[sdk=iphoneos*]" = "iPhone Developer";
				COPY_PHASE_STRIP = NO;
				DEBUG_INFORMATION_FORMAT = "dwarf-with-dsym";
				ENABLE_STRICT_OBJC_MSGSEND = YES;
				ENABLE_TESTABILITY = YES;
				GCC_C_LANGUAGE_STANDARD = gnu99;
				GCC_DYNAMIC_NO_PIC = NO;
				GCC_NO_COMMON_BLOCKS = YES;
				GCC_OPTIMIZATION_LEVEL = 0;
				GCC_PREPROCESSOR_DEFINITIONS = (
					"DEBUG=1",
					"$(inherited)",
				);
				GCC_SYMBOLS_PRIVATE_EXTERN = NO;
				GCC_WARN_64_TO_32_BIT_CONVERSION = YES;
				GCC_WARN_ABOUT_RETURN_TYPE = YES_ERROR;
				GCC_WARN_UNDECLARED_SELECTOR = YES;
				GCC_WARN_UNINITIALIZED_AUTOS = YES_AGGRESSIVE;
				GCC_WARN_UNUSED_FUNCTION = YES;
				GCC_WARN_UNUSED_VARIABLE = YES;
				IPHONEOS_DEPLOYMENT_TARGET = 8.3;
				MTL_ENABLE_DEBUG_INFO = YES;
				ONLY_ACTIVE_ARCH = YES;
				SDKROOT = iphoneos;
				SWIFT_OPTIMIZATION_LEVEL = "-Onone";
			};
			name = Debug;
		};
		607FACEE1AFB9204008FA782 /* Release */ = {
			isa = XCBuildConfiguration;
			buildSettings = {
				ALWAYS_SEARCH_USER_PATHS = NO;
				CLANG_CXX_LANGUAGE_STANDARD = "gnu++0x";
				CLANG_CXX_LIBRARY = "libc++";
				CLANG_ENABLE_MODULES = YES;
				CLANG_ENABLE_OBJC_ARC = YES;
				CLANG_WARN_BOOL_CONVERSION = YES;
				CLANG_WARN_CONSTANT_CONVERSION = YES;
				CLANG_WARN_DIRECT_OBJC_ISA_USAGE = YES_ERROR;
				CLANG_WARN_EMPTY_BODY = YES;
				CLANG_WARN_ENUM_CONVERSION = YES;
				CLANG_WARN_INFINITE_RECURSION = YES;
				CLANG_WARN_INT_CONVERSION = YES;
				CLANG_WARN_OBJC_ROOT_CLASS = YES_ERROR;
				CLANG_WARN_SUSPICIOUS_MOVE = YES;
				CLANG_WARN_UNREACHABLE_CODE = YES;
				CLANG_WARN__DUPLICATE_METHOD_MATCH = YES;
				"CODE_SIGN_IDENTITY[sdk=iphoneos*]" = "iPhone Developer";
				COPY_PHASE_STRIP = NO;
				DEBUG_INFORMATION_FORMAT = "dwarf-with-dsym";
				ENABLE_NS_ASSERTIONS = NO;
				ENABLE_STRICT_OBJC_MSGSEND = YES;
				GCC_C_LANGUAGE_STANDARD = gnu99;
				GCC_NO_COMMON_BLOCKS = YES;
				GCC_WARN_64_TO_32_BIT_CONVERSION = YES;
				GCC_WARN_ABOUT_RETURN_TYPE = YES_ERROR;
				GCC_WARN_UNDECLARED_SELECTOR = YES;
				GCC_WARN_UNINITIALIZED_AUTOS = YES_AGGRESSIVE;
				GCC_WARN_UNUSED_FUNCTION = YES;
				GCC_WARN_UNUSED_VARIABLE = YES;
				IPHONEOS_DEPLOYMENT_TARGET = 8.3;
				MTL_ENABLE_DEBUG_INFO = NO;
				SDKROOT = iphoneos;
				SWIFT_OPTIMIZATION_LEVEL = "-Owholemodule";
				VALIDATE_PRODUCT = YES;
			};
			name = Release;
		};
		607FACF01AFB9204008FA782 /* Debug */ = {
			isa = XCBuildConfiguration;
			baseConfigurationReference = 577F33C1FBA6D20381DD9356 /* Pods-PaginationManager_Example.debug.xcconfig */;
			buildSettings = {
				ALWAYS_EMBED_SWIFT_STANDARD_LIBRARIES = "$(inherited)";
				ASSETCATALOG_COMPILER_APPICON_NAME = AppIcon;
				DEVELOPMENT_TEAM = 286NEJQH3X;
				INFOPLIST_FILE = PaginationManager/Info.plist;
				LD_RUNPATH_SEARCH_PATHS = "$(inherited) @executable_path/Frameworks";
				MODULE_NAME = ExampleApp;
				PRODUCT_BUNDLE_IDENTIFIER = "org.cocoapods.demo.$(PRODUCT_NAME:rfc1034identifier)";
				PRODUCT_NAME = "$(TARGET_NAME)";
				SWIFT_VERSION = 2.3;
			};
			name = Debug;
		};
		607FACF11AFB9204008FA782 /* Release */ = {
			isa = XCBuildConfiguration;
			baseConfigurationReference = CE49C2C9F9B92760474E4F7D /* Pods-PaginationManager_Example.release.xcconfig */;
			buildSettings = {
				ALWAYS_EMBED_SWIFT_STANDARD_LIBRARIES = "$(inherited)";
				ASSETCATALOG_COMPILER_APPICON_NAME = AppIcon;
				DEVELOPMENT_TEAM = 286NEJQH3X;
				INFOPLIST_FILE = PaginationManager/Info.plist;
				LD_RUNPATH_SEARCH_PATHS = "$(inherited) @executable_path/Frameworks";
				MODULE_NAME = ExampleApp;
				PRODUCT_BUNDLE_IDENTIFIER = "org.cocoapods.demo.$(PRODUCT_NAME:rfc1034identifier)";
				PRODUCT_NAME = "$(TARGET_NAME)";
				SWIFT_VERSION = 2.3;
			};
			name = Release;
		};
/* End XCBuildConfiguration section */

/* Begin XCConfigurationList section */
		607FACCB1AFB9204008FA782 /* Build configuration list for PBXProject "PaginationManager" */ = {
			isa = XCConfigurationList;
			buildConfigurations = (
				607FACED1AFB9204008FA782 /* Debug */,
				607FACEE1AFB9204008FA782 /* Release */,
			);
			defaultConfigurationIsVisible = 0;
			defaultConfigurationName = Release;
		};
		607FACEF1AFB9204008FA782 /* Build configuration list for PBXNativeTarget "PaginationManager_Example" */ = {
			isa = XCConfigurationList;
			buildConfigurations = (
				607FACF01AFB9204008FA782 /* Debug */,
				607FACF11AFB9204008FA782 /* Release */,
			);
			defaultConfigurationIsVisible = 0;
			defaultConfigurationName = Release;
		};
/* End XCConfigurationList section */
	};
	rootObject = 607FACC81AFB9204008FA782 /* Project object */;
}
